
Microsoft Visual Studio Solution File, Format Version 12.00
# Visual Studio Version 16
VisualStudioVersion = 16.0.31613.86
MinimumVisualStudioVersion = 10.0.40219.1
Project("{FAE04EC0-301F-11D3-BF4B-00C04F79EFBC}") = "PKG-2", "PKG-2.csproj", "{92098285-6771-4956-95CC-EB2B88E08F49}"
EndProject
Global
	GlobalSection(SolutionConfigurationPlatforms) = preSolution
		Debug|Any CPU = Debug|Any CPU
		Release|Any CPU = Release|Any CPU
	EndGlobalSection
	GlobalSection(ProjectConfigurationPlatforms) = postSolution
		{92098285-6771-4956-95CC-EB2B88E08F49}.Debug|Any CPU.ActiveCfg = Debug|Any CPU
		{92098285-6771-4956-95CC-EB2B88E08F49}.Debug|Any CPU.Build.0 = Debug|Any CPU
		{92098285-6771-4956-95CC-EB2B88E08F49}.Release|Any CPU.ActiveCfg = Release|Any CPU
		{92098285-6771-4956-95CC-EB2B88E08F49}.Release|Any CPU.Build.0 = Release|Any CPU
	EndGlobalSection
	GlobalSection(SolutionProperties) = preSolution
		HideSolutionNode = FALSE
	EndGlobalSection
	GlobalSection(ExtensibilityGlobals) = postSolution
		SolutionGuid = {11740035-96AC-48C8-AF05-BE20018C43FD}
	EndGlobalSection
EndGlobal
